
Microsoft Visual Studio Solution File, Format Version 12.00
# Visual Studio 15
VisualStudioVersion = 15.0.26730.3
MinimumVisualStudioVersion = 10.0.40219.1
Project("{FAE04EC0-301F-11D3-BF4B-00C04F79EFBC}") = "QuickSort", "QuickSort\QuickSort.csproj", "{C12B8054-DFE0-444F-96FE-6B178507C11D}"
EndProject
Global
	GlobalSection(SolutionConfigurationPlatforms) = preSolution
		Debug|Any CPU = Debug|Any CPU
		Release|Any CPU = Release|Any CPU
	EndGlobalSection
	GlobalSection(ProjectConfigurationPlatforms) = postSolution
		{C12B8054-DFE0-444F-96FE-6B178507C11D}.Debug|Any CPU.ActiveCfg = Debug|Any CPU
		{C12B8054-DFE0-444F-96FE-6B178507C11D}.Debug|Any CPU.Build.0 = Debug|Any CPU
		{C12B8054-DFE0-444F-96FE-6B178507C11D}.Release|Any CPU.ActiveCfg = Release|Any CPU
		{C12B8054-DFE0-444F-96FE-6B178507C11D}.Release|Any CPU.Build.0 = Release|Any CPU
	EndGlobalSection
	GlobalSection(SolutionProperties) = preSolution
		HideSolutionNode = FALSE
	EndGlobalSection
	GlobalSection(ExtensibilityGlobals) = postSolution
		SolutionGuid = {6659ED0D-5566-40CA-BF5F-AB1F6E7C04C5}
	EndGlobalSection
EndGlobal
